{
  "name": "type_s",
  "version": "1.0.0",
  "lockfileVersion": 2,
  "requires": true,
  "packages": {
    "": {
      "name": "type_s",
      "version": "1.0.0",
      "license": "ISC",
      "dependencies": {
        "typescript": "^4.7.2"
      },
      "devDependencies": {
        "typecript": "^0.0.1-security"
      }
    },
    "node_modules/typecript": {
      "version": "0.0.1-security",
      "resolved": "https://registry.npmjs.org/typecript/-/typecript-0.0.1-security.tgz",
      "integrity": "sha512-88WUWdO0zl/cC+X44m7TJkNssn0sTwZOSAyZu7ZmY6BfGJ4idVWJGjFmd6wEjS3yhWUYrAszzNMHZMIJ7h3ycg==",
      "dev": true
    },
    "node_modules/typescript": {
      "version": "4.7.2",
      "resolved": "https://registry.npmjs.org/typescript/-/typescript-4.7.2.tgz",
      "integrity": "sha512-Mamb1iX2FDUpcTRzltPxgWMKy3fhg0TN378ylbktPGPK/99KbDtMQ4W1hwgsbPAsG3a0xKa1vmw4VKZQbkvz5A==",
      "bin": {
        "tsc": "bin/tsc",
        "tsserver": "bin/tsserver"
      },
      "engines": {
        "node": ">=4.2.0"
      }
    }
  },
  "dependencies": {
    "typecript": {
      "version": "0.0.1-security",
      "resolved": "https://registry.npmjs.org/typecript/-/typecript-0.0.1-security.tgz",
      "integrity": "sha512-88WUWdO0zl/cC+X44m7TJkNssn0sTwZOSAyZu7ZmY6BfGJ4idVWJGjFmd6wEjS3yhWUYrAszzNMHZMIJ7h3ycg==",
      "dev": true
    },
    "typescript": {
      "version": "4.7.2",
      "resolved": "https://registry.npmjs.org/typescript/-/typescript-4.7.2.tgz",
      "integrity": "sha512-Mamb1iX2FDUpcTRzltPxgWMKy3fhg0TN378ylbktPGPK/99KbDtMQ4W1hwgsbPAsG3a0xKa1vmw4VKZQbkvz5A=="
    }
  }
}
